
Microsoft Visual Studio Solution File, Format Version 12.00
# Visual Studio Version 16
VisualStudioVersion = 16.0.30225.117
MinimumVisualStudioVersion = 10.0.40219.1
Project("{FAE04EC0-301F-11D3-BF4B-00C04F79EFBC}") = "Ativ08_projeto_calculadora_tinta", "Ativ08_projeto_calculadora_tinta.csproj", "{5B0FD0D1-5EAE-454A-B0F0-79340F209ABB}"
EndProject
Global
	GlobalSection(SolutionConfigurationPlatforms) = preSolution
		Debug|Any CPU = Debug|Any CPU
		Release|Any CPU = Release|Any CPU
	EndGlobalSection
	GlobalSection(ProjectConfigurationPlatforms) = postSolution
		{5B0FD0D1-5EAE-454A-B0F0-79340F209ABB}.Debug|Any CPU.ActiveCfg = Debug|Any CPU
		{5B0FD0D1-5EAE-454A-B0F0-79340F209ABB}.Debug|Any CPU.Build.0 = Debug|Any CPU
		{5B0FD0D1-5EAE-454A-B0F0-79340F209ABB}.Release|Any CPU.ActiveCfg = Release|Any CPU
		{5B0FD0D1-5EAE-454A-B0F0-79340F209ABB}.Release|Any CPU.Build.0 = Release|Any CPU
	EndGlobalSection
	GlobalSection(SolutionProperties) = preSolution
		HideSolutionNode = FALSE
	EndGlobalSection
	GlobalSection(ExtensibilityGlobals) = postSolution
		SolutionGuid = {76002187-EEA6-423B-B469-554525C2F4F5}
	EndGlobalSection
EndGlobal
